<?xml version="1.0" encoding="utf-8"?>
<Project ToolsVersion="4.0" xmlns="http://schemas.microsoft.com/developer/msbuild/2003">
  <ItemGroup>
    <Filter Include="Source Files">
      <UniqueIdentifier>{4FC737F1-C7A5-4376-A066-2A32D752A2FF}</UniqueIdentifier>
      <Extensions>cpp;c;cc;cxx;def;odl;idl;hpj;bat;asm;asmx</Extensions>
    </Filter>
    <Filter Include="Header Files">
      <UniqueIdentifier>{93995380-89BD-4b04-88EB-625FBE52EBFB}</UniqueIdentifier>
      <Extensions>h;hh;hpp;hxx;hm;inl;inc;xsd</Extensions>
    </Filter>
    <Filter Include="Resource Files">
      <UniqueIdentifier>{67DA6AB6-F800-4c08-8B7A-83BB121AAD01}</UniqueIdentifier>
      <Extensions>rc;ico;cur;bmp;dlg;rc2;rct;bin;rgs;gif;jpg;jpeg;jpe;resx;tiff;tif;png;wav;mfcribbon-ms</Extensions>
    </Filter>
    <Filter Include="Header Files\engine">
      <UniqueIdentifier>{ad455367-05b2-4ea0-b287-6220785a3974}</UniqueIdentifier>
    </Filter>
    <Filter Include="Source Files\engine">
      <UniqueIdentifier>{6f3d836a-d0c1-42c1-bf85-734878766a26}</UniqueIdentifier>
    </Filter>
    <Filter Include="Resource Files\texture">
      <UniqueIdentifier>{fe0718be-a07e-4896-b934-dc9287b4029b}</UniqueIdentifier>
    </Filter>
    <Filter Include="Resource Files\mesh">
      <UniqueIdentifier>{48857375-7774-414f-9302-43a49f590435}</UniqueIdentifier>
    </Filter>
    <Filter Include="Resource Files\sound">
      <UniqueIdentifier>{5c6ed857-70e2-4458-9534-53db0336782e}</UniqueIdentifier>
    </Filter>
  </ItemGroup>
  <ItemGroup>
    <ClInclude Include="engine\Window.h">
      <Filter>Header Files\engine</Filter>
    </ClInclude>
    <ClInclude Include="engine\Texture_Manager.h">
      <Filter>Header Files\engine</Filter>
    </ClInclude>
    <ClInclude Include="engine\Texture.h">
      <Filter>Header Files\engine</Filter>
    </ClInclude>
    <ClInclude Include="engine\Text.h">
      <Filter>Header Files\engine</Filter>
    </ClInclude>
    <ClInclude Include="engine\Renderer.h">
      <Filter>Header Files\engine</Filter>
    </ClInclude>
    <ClInclude Include="engine\Object.h">
      <Filter>Header Files\engine</Filter>
    </ClInclude>
    <ClInclude Include="engine\Mesh_Manager.h">
      <Filter>Header Files\engine</Filter>
    </ClInclude>
    <ClInclude Include="engine\Mesh.h">
      <Filter>Header Files\engine</Filter>
    </ClInclude>
    <ClInclude Include="engine\Input_Manager.h">
      <Filter>Header Files\engine</Filter>
    </ClInclude>
    <ClInclude Include="engine\Camera.h">
      <Filter>Header Files\engine</Filter>
    </ClInclude>
    <ClInclude Include="engine\Button.h">
      <Filter>Header Files\engine</Filter>
    </ClInclude>
    <ClInclude Include="Game.h">
      <Filter>Header Files</Filter>
    </ClInclude>
    <ClInclude Include="object\Ship_Player.h">
      <Filter>Header Files</Filter>
    </ClInclude>
    <ClInclude Include="engine\Sound.h">
      <Filter>Header Files\engine</Filter>
    </ClInclude>
    <ClInclude Include="engine\Util.h">
      <Filter>Header Files\engine</Filter>
    </ClInclude>
    <ClInclude Include="engine\WaveFile.h">
      <Filter>Header Files\engine</Filter>
    </ClInclude>
    <ClInclude Include="engine\Sound_Manager.h">
      <Filter>Header Files\engine</Filter>
    </ClInclude>
    <ClInclude Include="engine\Particle_Spawner.h">
      <Filter>Header Files\engine</Filter>
    </ClInclude>
    <ClInclude Include="engine\Camera_Third.h">
      <Filter>Header Files\engine</Filter>
    </ClInclude>
    <ClInclude Include="engine\Collision.h">
      <Filter>Header Files\engine</Filter>
    </ClInclude>
    <ClInclude Include="engine\Collision_Sphere.h">
      <Filter>Header Files\engine</Filter>
    </ClInclude>
    <ClInclude Include="object\Missile.h">
      <Filter>Header Files</Filter>
    </ClInclude>
  </ItemGroup>
  <ItemGroup>
    <ClCompile Include="engine\Window.cpp">
      <Filter>Source Files\engine</Filter>
    </ClCompile>
    <ClCompile Include="engine\Texture_Manager.cpp">
      <Filter>Source Files\engine</Filter>
    </ClCompile>
    <ClCompile Include="engine\Texture.cpp">
      <Filter>Source Files\engine</Filter>
    </ClCompile>
    <ClCompile Include="engine\Text.cpp">
      <Filter>Source Files\engine</Filter>
    </ClCompile>
    <ClCompile Include="engine\Renderer.cpp">
      <Filter>Source Files\engine</Filter>
    </ClCompile>
    <ClCompile Include="engine\Object.cpp">
      <Filter>Source Files\engine</Filter>
    </ClCompile>
    <ClCompile Include="engine\Mesh_Manager.cpp">
      <Filter>Source Files\engine</Filter>
    </ClCompile>
    <ClCompile Include="engine\Mesh.cpp">
      <Filter>Source Files\engine</Filter>
    </ClCompile>
    <ClCompile Include="engine\Main.cpp">
      <Filter>Source Files\engine</Filter>
    </ClCompile>
    <ClCompile Include="engine\Input_Manager.cpp">
      <Filter>Source Files\engine</Filter>
    </ClCompile>
    <ClCompile Include="engine\Camera.cpp">
      <Filter>Source Files\engine</Filter>
    </ClCompile>
    <ClCompile Include="engine\Button.cpp">
      <Filter>Source Files\engine</Filter>
    </ClCompile>
    <ClCompile Include="Game.cpp">
      <Filter>Source Files</Filter>
    </ClCompile>
    <ClCompile Include="object\Ship_Player.cpp">
      <Filter>Source Files</Filter>
    </ClCompile>
    <ClCompile Include="engine\Sound.cpp">
      <Filter>Source Files\engine</Filter>
    </ClCompile>
    <ClCompile Include="engine\WaveFile.cpp">
      <Filter>Source Files\engine</Filter>
    </ClCompile>
    <ClCompile Include="engine\Sound_Manager.cpp">
      <Filter>Source Files\engine</Filter>
    </ClCompile>
    <ClCompile Include="engine\Particle_Spawner.cpp">
      <Filter>Source Files\engine</Filter>
    </ClCompile>
    <ClCompile Include="engine\State_Machine.h">
      <Filter>Header Files\engine</Filter>
    </ClCompile>
    <ClCompile Include="engine\Camera_Third.cpp">
      <Filter>Source Files\engine</Filter>
    </ClCompile>
    <ClCompile Include="engine\Collision.cpp">
      <Filter>Source Files\engine</Filter>
    </ClCompile>
    <ClCompile Include="engine\Collision_Sphere.cpp">
      <Filter>Source Files\engine</Filter>
    </ClCompile>
    <ClCompile Include="object\Missile.cpp">
      <Filter>Source Files</Filter>
    </ClCompile>
  </ItemGroup>
  <ItemGroup>
    <Image Include="texture\Button.png">
      <Filter>Resource Files\texture</Filter>
    </Image>
    <Image Include="texture\EnemyShipTexture-Blue.png">
      <Filter>Resource Files\texture</Filter>
    </Image>
    <Image Include="texture\EnemyShipTexture-Green.png">
      <Filter>Resource Files\texture</Filter>
    </Image>
    <Image Include="texture\EnemyShipTexture-Red.png">
      <Filter>Resource Files\texture</Filter>
    </Image>
    <Image Include="texture\LaserBlast.png">
      <Filter>Resource Files\texture</Filter>
    </Image>
    <Image Include="texture\PlayerShipTexture.png">
      <Filter>Resource Files\texture</Filter>
    </Image>
    <Image Include="texture\skybox.png">
      <Filter>Resource Files\texture</Filter>
    </Image>
    <Image Include="texture\point_particle.bmp">
      <Filter>Resource Files\texture</Filter>
    </Image>
  </ItemGroup>
  <ItemGroup>
    <None Include="mesh\EnemyShip-Blue.x">
      <Filter>Resource Files\mesh</Filter>
    </None>
    <None Include="mesh\EnemyShip-Green.x">
      <Filter>Resource Files\mesh</Filter>
    </None>
    <None Include="mesh\EnemyShip-Red.x">
      <Filter>Resource Files\mesh</Filter>
    </None>
    <None Include="mesh\LaserBlast.x">
      <Filter>Resource Files\mesh</Filter>
    </None>
    <None Include="mesh\PlayerShip.x">
      <Filter>Resource Files\mesh</Filter>
    </None>
    <None Include="mesh\Skybox.x">
      <Filter>Resource Files\mesh</Filter>
    </None>
    <None Include="README">
      <Filter>Resource Files</Filter>
    </None>
    <None Include=".gitignore">
      <Filter>Resource Files</Filter>
    </None>
  </ItemGroup>
  <ItemGroup>
    <Media Include="sound\engine.wav">
      <Filter>Resource Files\sound</Filter>
    </Media>
  </ItemGroup>
</Project>